
Microsoft Visual Studio Solution File, Format Version 12.00
# Visual Studio Version 16
VisualStudioVersion = 16.0.29230.47
MinimumVisualStudioVersion = 10.0.40219.1
Project("{FAE04EC0-301F-11D3-BF4B-00C04F79EFBC}") = "323assignment", "323assignment\323assignment.csproj", "{09563578-E343-429F-971A-E045E0E52F70}"
EndProject
Global
	GlobalSection(SolutionConfigurationPlatforms) = preSolution
		Debug|Any CPU = Debug|Any CPU
		Release|Any CPU = Release|Any CPU
	EndGlobalSection
	GlobalSection(ProjectConfigurationPlatforms) = postSolution
		{09563578-E343-429F-971A-E045E0E52F70}.Debug|Any CPU.ActiveCfg = Debug|Any CPU
		{09563578-E343-429F-971A-E045E0E52F70}.Debug|Any CPU.Build.0 = Debug|Any CPU
		{09563578-E343-429F-971A-E045E0E52F70}.Release|Any CPU.ActiveCfg = Release|Any CPU
		{09563578-E343-429F-971A-E045E0E52F70}.Release|Any CPU.Build.0 = Release|Any CPU
	EndGlobalSection
	GlobalSection(SolutionProperties) = preSolution
		HideSolutionNode = FALSE
	EndGlobalSection
	GlobalSection(ExtensibilityGlobals) = postSolution
		SolutionGuid = {4A067F1F-8068-4960-82FA-0E76AD30DE2F}
	EndGlobalSection
EndGlobal
